
Microsoft Visual Studio Solution File, Format Version 12.00
# Visual Studio Version 16
VisualStudioVersion = 16.0.31624.102
MinimumVisualStudioVersion = 10.0.40219.1
Project("{9A19103F-16F7-4668-BE54-9A1E7A4F7556}") = "DapperTest", "DapperTest\DapperTest.csproj", "{B0CE2EE1-71D0-4BA1-B684-384C47A983A2}"
EndProject
Project("{FAE04EC0-301F-11D3-BF4B-00C04F79EFBC}") = "Repository", "Repository\Repository.csproj", "{4DD1A8F1-E361-40C8-BECB-87874D678A5F}"
EndProject
Project("{FAE04EC0-301F-11D3-BF4B-00C04F79EFBC}") = "Tools", "Tools\Tools.csproj", "{6075539F-75D8-403C-BCCD-CF64D60812D7}"
EndProject
Global
	GlobalSection(SolutionConfigurationPlatforms) = preSolution
		Debug|Any CPU = Debug|Any CPU
		Release|Any CPU = Release|Any CPU
	EndGlobalSection
	GlobalSection(ProjectConfigurationPlatforms) = postSolution
		{B0CE2EE1-71D0-4BA1-B684-384C47A983A2}.Debug|Any CPU.ActiveCfg = Debug|Any CPU
		{B0CE2EE1-71D0-4BA1-B684-384C47A983A2}.Debug|Any CPU.Build.0 = Debug|Any CPU
		{B0CE2EE1-71D0-4BA1-B684-384C47A983A2}.Release|Any CPU.ActiveCfg = Release|Any CPU
		{B0CE2EE1-71D0-4BA1-B684-384C47A983A2}.Release|Any CPU.Build.0 = Release|Any CPU
		{4DD1A8F1-E361-40C8-BECB-87874D678A5F}.Debug|Any CPU.ActiveCfg = Debug|Any CPU
		{4DD1A8F1-E361-40C8-BECB-87874D678A5F}.Debug|Any CPU.Build.0 = Debug|Any CPU
		{4DD1A8F1-E361-40C8-BECB-87874D678A5F}.Release|Any CPU.ActiveCfg = Release|Any CPU
		{4DD1A8F1-E361-40C8-BECB-87874D678A5F}.Release|Any CPU.Build.0 = Release|Any CPU
		{6075539F-75D8-403C-BCCD-CF64D60812D7}.Debug|Any CPU.ActiveCfg = Debug|Any CPU
		{6075539F-75D8-403C-BCCD-CF64D60812D7}.Debug|Any CPU.Build.0 = Debug|Any CPU
		{6075539F-75D8-403C-BCCD-CF64D60812D7}.Release|Any CPU.ActiveCfg = Release|Any CPU
		{6075539F-75D8-403C-BCCD-CF64D60812D7}.Release|Any CPU.Build.0 = Release|Any CPU
	EndGlobalSection
	GlobalSection(SolutionProperties) = preSolution
		HideSolutionNode = FALSE
	EndGlobalSection
	GlobalSection(ExtensibilityGlobals) = postSolution
		SolutionGuid = {969C17D0-FC09-4A90-8028-F12A9C7E4A57}
	EndGlobalSection
EndGlobal
